
Microsoft Visual Studio Solution File, Format Version 12.00
# Visual Studio Version 17
VisualStudioVersion = 17.0.31903.59
MinimumVisualStudioVersion = 10.0.40219.1
Project("{2150E333-8FDC-42A3-9474-1A3956D46DE8}") = "backend", "backend", "{1AE8ACA6-933B-BF2A-3671-3E2EAC007D16}"
EndProject
Project("{2150E333-8FDC-42A3-9474-1A3956D46DE8}") = "src", "src", "{0F9113EE-888A-26D2-68B0-4A7D0A2A8745}"
EndProject
Project("{FAE04EC0-301F-11D3-BF4B-00C04F79EFBC}") = "Shared", "backend\src\Shared\Shared.csproj", "{02FD8513-BD62-4EAA-9909-892E37622684}"
EndProject
Project("{FAE04EC0-301F-11D3-BF4B-00C04F79EFBC}") = "UserService", "backend\src\UserService\UserService.csproj", "{465FB689-C30C-4233-B2F2-FA424B171483}"
EndProject
Project("{FAE04EC0-301F-11D3-BF4B-00C04F79EFBC}") = "ProblemService", "backend\src\ProblemService\ProblemService.csproj", "{6023EB5E-FFD6-4261-A756-0648680754B9}"
EndProject
Project("{FAE04EC0-301F-11D3-BF4B-00C04F79EFBC}") = "SubmissionService", "backend\src\SubmissionService\SubmissionService.csproj", "{07220ABC-8087-4E28-B560-3A18019A9CB8}"
EndProject
Project("{FAE04EC0-301F-11D3-BF4B-00C04F79EFBC}") = "ExecutionService", "backend\src\ExecutionService\ExecutionService.csproj", "{94DD3E7A-33BC-401F-9432-F1F44AEE56FA}"
EndProject
Project("{FAE04EC0-301F-11D3-BF4B-00C04F79EFBC}") = "ContestService", "backend\src\ContestService\ContestService.csproj", "{3551B7D4-1965-40BD-8C75-D0787706EE78}"
EndProject
Global
	GlobalSection(SolutionConfigurationPlatforms) = preSolution
		Debug|Any CPU = Debug|Any CPU
		Debug|x64 = Debug|x64
		Debug|x86 = Debug|x86
		Release|Any CPU = Release|Any CPU
		Release|x64 = Release|x64
		Release|x86 = Release|x86
	EndGlobalSection
	GlobalSection(ProjectConfigurationPlatforms) = postSolution
		{02FD8513-BD62-4EAA-9909-892E37622684}.Debug|Any CPU.ActiveCfg = Debug|Any CPU
		{02FD8513-BD62-4EAA-9909-892E37622684}.Debug|Any CPU.Build.0 = Debug|Any CPU
		{02FD8513-BD62-4EAA-9909-892E37622684}.Debug|x64.ActiveCfg = Debug|Any CPU
		{02FD8513-BD62-4EAA-9909-892E37622684}.Debug|x64.Build.0 = Debug|Any CPU
		{02FD8513-BD62-4EAA-9909-892E37622684}.Debug|x86.ActiveCfg = Debug|Any CPU
		{02FD8513-BD62-4EAA-9909-892E37622684}.Debug|x86.Build.0 = Debug|Any CPU
		{02FD8513-BD62-4EAA-9909-892E37622684}.Release|Any CPU.ActiveCfg = Release|Any CPU
		{02FD8513-BD62-4EAA-9909-892E37622684}.Release|Any CPU.Build.0 = Release|Any CPU
		{02FD8513-BD62-4EAA-9909-892E37622684}.Release|x64.ActiveCfg = Release|Any CPU
		{02FD8513-BD62-4EAA-9909-892E37622684}.Release|x64.Build.0 = Release|Any CPU
		{02FD8513-BD62-4EAA-9909-892E37622684}.Release|x86.ActiveCfg = Release|Any CPU
		{02FD8513-BD62-4EAA-9909-892E37622684}.Release|x86.Build.0 = Release|Any CPU
		{465FB689-C30C-4233-B2F2-FA424B171483}.Debug|Any CPU.ActiveCfg = Debug|Any CPU
		{465FB689-C30C-4233-B2F2-FA424B171483}.Debug|Any CPU.Build.0 = Debug|Any CPU
		{465FB689-C30C-4233-B2F2-FA424B171483}.Debug|x64.ActiveCfg = Debug|Any CPU
		{465FB689-C30C-4233-B2F2-FA424B171483}.Debug|x64.Build.0 = Debug|Any CPU
		{465FB689-C30C-4233-B2F2-FA424B171483}.Debug|x86.ActiveCfg = Debug|Any CPU
		{465FB689-C30C-4233-B2F2-FA424B171483}.Debug|x86.Build.0 = Debug|Any CPU
		{465FB689-C30C-4233-B2F2-FA424B171483}.Release|Any CPU.ActiveCfg = Release|Any CPU
		{465FB689-C30C-4233-B2F2-FA424B171483}.Release|Any CPU.Build.0 = Release|Any CPU
		{465FB689-C30C-4233-B2F2-FA424B171483}.Release|x64.ActiveCfg = Release|Any CPU
		{465FB689-C30C-4233-B2F2-FA424B171483}.Release|x64.Build.0 = Release|Any CPU
		{465FB689-C30C-4233-B2F2-FA424B171483}.Release|x86.ActiveCfg = Release|Any CPU
		{465FB689-C30C-4233-B2F2-FA424B171483}.Release|x86.Build.0 = Release|Any CPU
		{6023EB5E-FFD6-4261-A756-0648680754B9}.Debug|Any CPU.ActiveCfg = Debug|Any CPU
		{6023EB5E-FFD6-4261-A756-0648680754B9}.Debug|Any CPU.Build.0 = Debug|Any CPU
		{6023EB5E-FFD6-4261-A756-0648680754B9}.Debug|x64.ActiveCfg = Debug|Any CPU
		{6023EB5E-FFD6-4261-A756-0648680754B9}.Debug|x64.Build.0 = Debug|Any CPU
		{6023EB5E-FFD6-4261-A756-0648680754B9}.Debug|x86.ActiveCfg = Debug|Any CPU
		{6023EB5E-FFD6-4261-A756-0648680754B9}.Debug|x86.Build.0 = Debug|Any CPU
		{6023EB5E-FFD6-4261-A756-0648680754B9}.Release|Any CPU.ActiveCfg = Release|Any CPU
		{6023EB5E-FFD6-4261-A756-0648680754B9}.Release|Any CPU.Build.0 = Release|Any CPU
		{6023EB5E-FFD6-4261-A756-0648680754B9}.Release|x64.ActiveCfg = Release|Any CPU
		{6023EB5E-FFD6-4261-A756-0648680754B9}.Release|x64.Build.0 = Release|Any CPU
		{6023EB5E-FFD6-4261-A756-0648680754B9}.Release|x86.ActiveCfg = Release|Any CPU
		{6023EB5E-FFD6-4261-A756-0648680754B9}.Release|x86.Build.0 = Release|Any CPU
		{07220ABC-8087-4E28-B560-3A18019A9CB8}.Debug|Any CPU.ActiveCfg = Debug|Any CPU
		{07220ABC-8087-4E28-B560-3A18019A9CB8}.Debug|Any CPU.Build.0 = Debug|Any CPU
		{07220ABC-8087-4E28-B560-3A18019A9CB8}.Debug|x64.ActiveCfg = Debug|Any CPU
		{07220ABC-8087-4E28-B560-3A18019A9CB8}.Debug|x64.Build.0 = Debug|Any CPU
		{07220ABC-8087-4E28-B560-3A18019A9CB8}.Debug|x86.ActiveCfg = Debug|Any CPU
		{07220ABC-8087-4E28-B560-3A18019A9CB8}.Debug|x86.Build.0 = Debug|Any CPU
		{07220ABC-8087-4E28-B560-3A18019A9CB8}.Release|Any CPU.ActiveCfg = Release|Any CPU
		{07220ABC-8087-4E28-B560-3A18019A9CB8}.Release|Any CPU.Build.0 = Release|Any CPU
		{07220ABC-8087-4E28-B560-3A18019A9CB8}.Release|x64.ActiveCfg = Release|Any CPU
		{07220ABC-8087-4E28-B560-3A18019A9CB8}.Release|x64.Build.0 = Release|Any CPU
		{07220ABC-8087-4E28-B560-3A18019A9CB8}.Release|x86.ActiveCfg = Release|Any CPU
		{07220ABC-8087-4E28-B560-3A18019A9CB8}.Release|x86.Build.0 = Release|Any CPU
		{94DD3E7A-33BC-401F-9432-F1F44AEE56FA}.Debug|Any CPU.ActiveCfg = Debug|Any CPU
		{94DD3E7A-33BC-401F-9432-F1F44AEE56FA}.Debug|Any CPU.Build.0 = Debug|Any CPU
		{94DD3E7A-33BC-401F-9432-F1F44AEE56FA}.Debug|x64.ActiveCfg = Debug|Any CPU
		{94DD3E7A-33BC-401F-9432-F1F44AEE56FA}.Debug|x64.Build.0 = Debug|Any CPU
		{94DD3E7A-33BC-401F-9432-F1F44AEE56FA}.Debug|x86.ActiveCfg = Debug|Any CPU
		{94DD3E7A-33BC-401F-9432-F1F44AEE56FA}.Debug|x86.Build.0 = Debug|Any CPU
		{94DD3E7A-33BC-401F-9432-F1F44AEE56FA}.Release|Any CPU.ActiveCfg = Release|Any CPU
		{94DD3E7A-33BC-401F-9432-F1F44AEE56FA}.Release|Any CPU.Build.0 = Release|Any CPU
		{94DD3E7A-33BC-401F-9432-F1F44AEE56FA}.Release|x64.ActiveCfg = Release|Any CPU
		{94DD3E7A-33BC-401F-9432-F1F44AEE56FA}.Release|x64.Build.0 = Release|Any CPU
		{94DD3E7A-33BC-401F-9432-F1F44AEE56FA}.Release|x86.ActiveCfg = Release|Any CPU
		{94DD3E7A-33BC-401F-9432-F1F44AEE56FA}.Release|x86.Build.0 = Release|Any CPU
		{3551B7D4-1965-40BD-8C75-D0787706EE78}.Debug|Any CPU.ActiveCfg = Debug|Any CPU
		{3551B7D4-1965-40BD-8C75-D0787706EE78}.Debug|Any CPU.Build.0 = Debug|Any CPU
		{3551B7D4-1965-40BD-8C75-D0787706EE78}.Debug|x64.ActiveCfg = Debug|Any CPU
		{3551B7D4-1965-40BD-8C75-D0787706EE78}.Debug|x64.Build.0 = Debug|Any CPU
		{3551B7D4-1965-40BD-8C75-D0787706EE78}.Debug|x86.ActiveCfg = Debug|Any CPU
		{3551B7D4-1965-40BD-8C75-D0787706EE78}.Debug|x86.Build.0 = Debug|Any CPU
		{3551B7D4-1965-40BD-8C75-D0787706EE78}.Release|Any CPU.ActiveCfg = Release|Any CPU
		{3551B7D4-1965-40BD-8C75-D0787706EE78}.Release|Any CPU.Build.0 = Release|Any CPU
		{3551B7D4-1965-40BD-8C75-D0787706EE78}.Release|x64.ActiveCfg = Release|Any CPU
		{3551B7D4-1965-40BD-8C75-D0787706EE78}.Release|x64.Build.0 = Release|Any CPU
		{3551B7D4-1965-40BD-8C75-D0787706EE78}.Release|x86.ActiveCfg = Release|Any CPU
		{3551B7D4-1965-40BD-8C75-D0787706EE78}.Release|x86.Build.0 = Release|Any CPU
	EndGlobalSection
	GlobalSection(SolutionProperties) = preSolution
		HideSolutionNode = FALSE
	EndGlobalSection
	GlobalSection(NestedProjects) = preSolution
		{0F9113EE-888A-26D2-68B0-4A7D0A2A8745} = {1AE8ACA6-933B-BF2A-3671-3E2EAC007D16}
		{02FD8513-BD62-4EAA-9909-892E37622684} = {0F9113EE-888A-26D2-68B0-4A7D0A2A8745}
		{465FB689-C30C-4233-B2F2-FA424B171483} = {0F9113EE-888A-26D2-68B0-4A7D0A2A8745}
		{6023EB5E-FFD6-4261-A756-0648680754B9} = {0F9113EE-888A-26D2-68B0-4A7D0A2A8745}
		{07220ABC-8087-4E28-B560-3A18019A9CB8} = {0F9113EE-888A-26D2-68B0-4A7D0A2A8745}
		{94DD3E7A-33BC-401F-9432-F1F44AEE56FA} = {0F9113EE-888A-26D2-68B0-4A7D0A2A8745}
		{3551B7D4-1965-40BD-8C75-D0787706EE78} = {0F9113EE-888A-26D2-68B0-4A7D0A2A8745}
	EndGlobalSection
EndGlobal
